
Microsoft Visual Studio Solution File, Format Version 12.00
# Visual Studio Version 17
VisualStudioVersion = 17.5.33530.505
MinimumVisualStudioVersion = 10.0.40219.1
Project("{FAE04EC0-301F-11D3-BF4B-00C04F79EFBC}") = "Ejercicio4_Interfaces", "Ejercicio4_Interfaces\Ejercicio4_Interfaces.csproj", "{5AF2B772-046D-4E0A-9C5B-A384BDB6592A}"
EndProject
Global
	GlobalSection(SolutionConfigurationPlatforms) = preSolution
		Debug|Any CPU = Debug|Any CPU
		Release|Any CPU = Release|Any CPU
	EndGlobalSection
	GlobalSection(ProjectConfigurationPlatforms) = postSolution
		{5AF2B772-046D-4E0A-9C5B-A384BDB6592A}.Debug|Any CPU.ActiveCfg = Debug|Any CPU
		{5AF2B772-046D-4E0A-9C5B-A384BDB6592A}.Debug|Any CPU.Build.0 = Debug|Any CPU
		{5AF2B772-046D-4E0A-9C5B-A384BDB6592A}.Release|Any CPU.ActiveCfg = Release|Any CPU
		{5AF2B772-046D-4E0A-9C5B-A384BDB6592A}.Release|Any CPU.Build.0 = Release|Any CPU
	EndGlobalSection
	GlobalSection(SolutionProperties) = preSolution
		HideSolutionNode = FALSE
	EndGlobalSection
	GlobalSection(ExtensibilityGlobals) = postSolution
		SolutionGuid = {004B4964-0070-4201-ABAE-5CEE9FF0ECF6}
	EndGlobalSection
EndGlobal
